
Microsoft Visual Studio Solution File, Format Version 12.00
# Visual Studio Version 17
VisualStudioVersion = 17.11.35222.181
MinimumVisualStudioVersion = 10.0.40219.1
Project("{9A19103F-16F7-4668-BE54-9A1E7A4F7556}") = "BlazorTestApp", "BlazorTestApp\BlazorTestApp.csproj", "{32A23AFB-6710-41D0-8932-51F37B9B35C5}"
EndProject
Global
	GlobalSection(SolutionConfigurationPlatforms) = preSolution
		Debug|Any CPU = Debug|Any CPU
		Release|Any CPU = Release|Any CPU
	EndGlobalSection
	GlobalSection(ProjectConfigurationPlatforms) = postSolution
		{32A23AFB-6710-41D0-8932-51F37B9B35C5}.Debug|Any CPU.ActiveCfg = Debug|Any CPU
		{32A23AFB-6710-41D0-8932-51F37B9B35C5}.Debug|Any CPU.Build.0 = Debug|Any CPU
		{32A23AFB-6710-41D0-8932-51F37B9B35C5}.Release|Any CPU.ActiveCfg = Release|Any CPU
		{32A23AFB-6710-41D0-8932-51F37B9B35C5}.Release|Any CPU.Build.0 = Release|Any CPU
	EndGlobalSection
	GlobalSection(SolutionProperties) = preSolution
		HideSolutionNode = FALSE
	EndGlobalSection
	GlobalSection(ExtensibilityGlobals) = postSolution
		SolutionGuid = {F06E9D66-8DF2-4845-B9CF-FC61F3C7AA1A}
	EndGlobalSection
EndGlobal
